{
  "version": 4,
  "terraform_version": "1.0.3",
  "serial": 41,
  "lineage": "0480c2e3-bebe-810f-db5d-f9fd41c2efab",
  "outputs": {
    "Container_name": {
      "value": {
        "attach": false,
        "bridge": "",
        "capabilities": [],
        "command": [],
        "container_logs": null,
        "cpu_set": "",
        "cpu_shares": 0,
        "destroy_grace_seconds": null,
        "devices": [],
        "dns": [],
        "dns_opts": [],
        "dns_search": [],
        "domainname": "",
        "entrypoint": [
          "npm",
          "--no-update-notifier",
          "--no-fund",
          "start",
          "--cache",
          "/data/.npm",
          "--",
          "--userDir",
          "/data"
        ],
        "env": [],
        "exit_code": null,
        "gateway": "172.17.0.1",
        "group_add": [],
        "healthcheck": [
          {
            "interval": "0s",
            "retries": 0,
            "start_period": "0s",
            "test": [
              "CMD-SHELL",
              "node /healthcheck.js"
            ],
            "timeout": "0s"
          }
        ],
        "host": [],
        "hostname": "23f0fac2f2b0",
        "id": "23f0fac2f2b0aff5fcf90750d7a0c10240ee25556a3ff680fc6d96e1276c5324",
        "image": "sha256:04fa5935c931bca42e200c9c72142272d829cfe7b8c90c05746c61e7d99a5679",
        "init": false,
        "ip_address": "172.17.0.4",
        "ip_prefix_length": 16,
        "ipc_mode": "private",
        "labels": [],
        "links": [],
        "log_driver": "json-file",
        "log_opts": {},
        "logs": false,
        "max_retry_count": 0,
        "memory": 0,
        "memory_swap": 0,
        "mounts": [],
        "must_run": true,
        "name": "nodered-go3c",
        "network_alias": null,
        "network_data": [
          {
            "gateway": "172.17.0.1",
            "global_ipv6_address": "",
            "global_ipv6_prefix_length": 0,
            "ip_address": "172.17.0.4",
            "ip_prefix_length": 16,
            "ipv6_gateway": "",
            "network_name": "bridge"
          }
        ],
        "network_mode": "default",
        "networks": null,
        "networks_advanced": [],
        "pid_mode": "",
        "ports": [
          {
            "external": 32770,
            "internal": 1880,
            "ip": "0.0.0.0",
            "protocol": "tcp"
          }
        ],
        "privileged": false,
        "publish_all_ports": false,
        "read_only": false,
        "remove_volumes": true,
        "restart": "no",
        "rm": false,
        "security_opts": [],
        "shm_size": 64,
        "start": true,
        "stdin_open": false,
        "sysctls": {},
        "tmpfs": {},
        "tty": false,
        "ulimit": [],
        "upload": [],
        "user": "node-red",
        "userns_mode": "",
        "volumes": [],
        "working_dir": "/usr/src/node-red"
      },
      "type": [
        "object",
        {
          "attach": "bool",
          "bridge": "string",
          "capabilities": [
            "set",
            [
              "object",
              {
                "add": [
                  "set",
                  "string"
                ],
                "drop": [
                  "set",
                  "string"
                ]
              }
            ]
          ],
          "command": [
            "list",
            "string"
          ],
          "container_logs": "string",
          "cpu_set": "string",
          "cpu_shares": "number",
          "destroy_grace_seconds": "number",
          "devices": [
            "set",
            [
              "object",
              {
                "container_path": "string",
                "host_path": "string",
                "permissions": "string"
              }
            ]
          ],
          "dns": [
            "set",
            "string"
          ],
          "dns_opts": [
            "set",
            "string"
          ],
          "dns_search": [
            "set",
            "string"
          ],
          "domainname": "string",
          "entrypoint": [
            "list",
            "string"
          ],
          "env": [
            "set",
            "string"
          ],
          "exit_code": "number",
          "gateway": "string",
          "group_add": [
            "set",
            "string"
          ],
          "healthcheck": [
            "list",
            [
              "object",
              {
                "interval": "string",
                "retries": "number",
                "start_period": "string",
                "test": [
                  "list",
                  "string"
                ],
                "timeout": "string"
              }
            ]
          ],
          "host": [
            "set",
            [
              "object",
              {
                "host": "string",
                "ip": "string"
              }
            ]
          ],
          "hostname": "string",
          "id": "string",
          "image": "string",
          "init": "bool",
          "ip_address": "string",
          "ip_prefix_length": "number",
          "ipc_mode": "string",
          "labels": [
            "set",
            [
              "object",
              {
                "label": "string",
                "value": "string"
              }
            ]
          ],
          "links": [
            "set",
            "string"
          ],
          "log_driver": "string",
          "log_opts": [
            "map",
            "string"
          ],
          "logs": "bool",
          "max_retry_count": "number",
          "memory": "number",
          "memory_swap": "number",
          "mounts": [
            "set",
            [
              "object",
              {
                "bind_options": [
                  "list",
                  [
                    "object",
                    {
                      "propagation": "string"
                    }
                  ]
                ],
                "read_only": "bool",
                "source": "string",
                "target": "string",
                "tmpfs_options": [
                  "list",
                  [
                    "object",
                    {
                      "mode": "number",
                      "size_bytes": "number"
                    }
                  ]
                ],
                "type": "string",
                "volume_options": [
                  "list",
                  [
                    "object",
                    {
                      "driver_name": "string",
                      "driver_options": [
                        "map",
                        "string"
                      ],
                      "labels": [
                        "set",
                        [
                          "object",
                          {
                            "label": "string",
                            "value": "string"
                          }
                        ]
                      ],
                      "no_copy": "bool"
                    }
                  ]
                ]
              }
            ]
          ],
          "must_run": "bool",
          "name": "string",
          "network_alias": [
            "set",
            "string"
          ],
          "network_data": [
            "list",
            [
              "object",
              {
                "gateway": "string",
                "global_ipv6_address": "string",
                "global_ipv6_prefix_length": "number",
                "ip_address": "string",
                "ip_prefix_length": "number",
                "ipv6_gateway": "string",
                "network_name": "string"
              }
            ]
          ],
          "network_mode": "string",
          "networks": [
            "set",
            "string"
          ],
          "networks_advanced": [
            "set",
            [
              "object",
              {
                "aliases": [
                  "set",
                  "string"
                ],
                "ipv4_address": "string",
                "ipv6_address": "string",
                "name": "string"
              }
            ]
          ],
          "pid_mode": "string",
          "ports": [
            "list",
            [
              "object",
              {
                "external": "number",
                "internal": "number",
                "ip": "string",
                "protocol": "string"
              }
            ]
          ],
          "privileged": "bool",
          "publish_all_ports": "bool",
          "read_only": "bool",
          "remove_volumes": "bool",
          "restart": "string",
          "rm": "bool",
          "security_opts": [
            "set",
            "string"
          ],
          "shm_size": "number",
          "start": "bool",
          "stdin_open": "bool",
          "sysctls": [
            "map",
            "string"
          ],
          "tmpfs": [
            "map",
            "string"
          ],
          "tty": "bool",
          "ulimit": [
            "set",
            [
              "object",
              {
                "hard": "number",
                "name": "string",
                "soft": "number"
              }
            ]
          ],
          "upload": [
            "set",
            [
              "object",
              {
                "content": "string",
                "content_base64": "string",
                "executable": "bool",
                "file": "string",
                "source": "string",
                "source_hash": "string"
              }
            ]
          ],
          "user": "string",
          "userns_mode": "string",
          "volumes": [
            "set",
            [
              "object",
              {
                "container_path": "string",
                "from_container": "string",
                "host_path": "string",
                "read_only": "bool",
                "volume_name": "string"
              }
            ]
          ],
          "working_dir": "string"
        }
      ]
    },
    "Container_name2": {
      "value": {
        "attach": false,
        "bridge": "",
        "capabilities": [],
        "command": [],
        "container_logs": null,
        "cpu_set": "",
        "cpu_shares": 0,
        "destroy_grace_seconds": null,
        "devices": [],
        "dns": [],
        "dns_opts": [],
        "dns_search": [],
        "domainname": "",
        "entrypoint": [
          "npm",
          "--no-update-notifier",
          "--no-fund",
          "start",
          "--cache",
          "/data/.npm",
          "--",
          "--userDir",
          "/data"
        ],
        "env": [],
        "exit_code": null,
        "gateway": "172.17.0.1",
        "group_add": [],
        "healthcheck": [
          {
            "interval": "0s",
            "retries": 0,
            "start_period": "0s",
            "test": [
              "CMD-SHELL",
              "node /healthcheck.js"
            ],
            "timeout": "0s"
          }
        ],
        "host": [],
        "hostname": "7e7737b17615",
        "id": "7e7737b176155cabdefe0d4d5af934d0f71ef4ef317b81845346bb710206111c",
        "image": "sha256:04fa5935c931bca42e200c9c72142272d829cfe7b8c90c05746c61e7d99a5679",
        "init": false,
        "ip_address": "172.17.0.3",
        "ip_prefix_length": 16,
        "ipc_mode": "private",
        "labels": [],
        "links": [],
        "log_driver": "json-file",
        "log_opts": {},
        "logs": false,
        "max_retry_count": 0,
        "memory": 0,
        "memory_swap": 0,
        "mounts": [],
        "must_run": true,
        "name": "nodered-n29d",
        "network_alias": null,
        "network_data": [
          {
            "gateway": "172.17.0.1",
            "global_ipv6_address": "",
            "global_ipv6_prefix_length": 0,
            "ip_address": "172.17.0.3",
            "ip_prefix_length": 16,
            "ipv6_gateway": "",
            "network_name": "bridge"
          }
        ],
        "network_mode": "default",
        "networks": null,
        "networks_advanced": [],
        "pid_mode": "",
        "ports": [
          {
            "external": 32769,
            "internal": 1880,
            "ip": "0.0.0.0",
            "protocol": "tcp"
          }
        ],
        "privileged": false,
        "publish_all_ports": false,
        "read_only": false,
        "remove_volumes": true,
        "restart": "no",
        "rm": false,
        "security_opts": [],
        "shm_size": 64,
        "start": true,
        "stdin_open": false,
        "sysctls": {},
        "tmpfs": {},
        "tty": false,
        "ulimit": [],
        "upload": [],
        "user": "node-red",
        "userns_mode": "",
        "volumes": [],
        "working_dir": "/usr/src/node-red"
      },
      "type": [
        "object",
        {
          "attach": "bool",
          "bridge": "string",
          "capabilities": [
            "set",
            [
              "object",
              {
                "add": [
                  "set",
                  "string"
                ],
                "drop": [
                  "set",
                  "string"
                ]
              }
            ]
          ],
          "command": [
            "list",
            "string"
          ],
          "container_logs": "string",
          "cpu_set": "string",
          "cpu_shares": "number",
          "destroy_grace_seconds": "number",
          "devices": [
            "set",
            [
              "object",
              {
                "container_path": "string",
                "host_path": "string",
                "permissions": "string"
              }
            ]
          ],
          "dns": [
            "set",
            "string"
          ],
          "dns_opts": [
            "set",
            "string"
          ],
          "dns_search": [
            "set",
            "string"
          ],
          "domainname": "string",
          "entrypoint": [
            "list",
            "string"
          ],
          "env": [
            "set",
            "string"
          ],
          "exit_code": "number",
          "gateway": "string",
          "group_add": [
            "set",
            "string"
          ],
          "healthcheck": [
            "list",
            [
              "object",
              {
                "interval": "string",
                "retries": "number",
                "start_period": "string",
                "test": [
                  "list",
                  "string"
                ],
                "timeout": "string"
              }
            ]
          ],
          "host": [
            "set",
            [
              "object",
              {
                "host": "string",
                "ip": "string"
              }
            ]
          ],
          "hostname": "string",
          "id": "string",
          "image": "string",
          "init": "bool",
          "ip_address": "string",
          "ip_prefix_length": "number",
          "ipc_mode": "string",
          "labels": [
            "set",
            [
              "object",
              {
                "label": "string",
                "value": "string"
              }
            ]
          ],
          "links": [
            "set",
            "string"
          ],
          "log_driver": "string",
          "log_opts": [
            "map",
            "string"
          ],
          "logs": "bool",
          "max_retry_count": "number",
          "memory": "number",
          "memory_swap": "number",
          "mounts": [
            "set",
            [
              "object",
              {
                "bind_options": [
                  "list",
                  [
                    "object",
                    {
                      "propagation": "string"
                    }
                  ]
                ],
                "read_only": "bool",
                "source": "string",
                "target": "string",
                "tmpfs_options": [
                  "list",
                  [
                    "object",
                    {
                      "mode": "number",
                      "size_bytes": "number"
                    }
                  ]
                ],
                "type": "string",
                "volume_options": [
                  "list",
                  [
                    "object",
                    {
                      "driver_name": "string",
                      "driver_options": [
                        "map",
                        "string"
                      ],
                      "labels": [
                        "set",
                        [
                          "object",
                          {
                            "label": "string",
                            "value": "string"
                          }
                        ]
                      ],
                      "no_copy": "bool"
                    }
                  ]
                ]
              }
            ]
          ],
          "must_run": "bool",
          "name": "string",
          "network_alias": [
            "set",
            "string"
          ],
          "network_data": [
            "list",
            [
              "object",
              {
                "gateway": "string",
                "global_ipv6_address": "string",
                "global_ipv6_prefix_length": "number",
                "ip_address": "string",
                "ip_prefix_length": "number",
                "ipv6_gateway": "string",
                "network_name": "string"
              }
            ]
          ],
          "network_mode": "string",
          "networks": [
            "set",
            "string"
          ],
          "networks_advanced": [
            "set",
            [
              "object",
              {
                "aliases": [
                  "set",
                  "string"
                ],
                "ipv4_address": "string",
                "ipv6_address": "string",
                "name": "string"
              }
            ]
          ],
          "pid_mode": "string",
          "ports": [
            "list",
            [
              "object",
              {
                "external": "number",
                "internal": "number",
                "ip": "string",
                "protocol": "string"
              }
            ]
          ],
          "privileged": "bool",
          "publish_all_ports": "bool",
          "read_only": "bool",
          "remove_volumes": "bool",
          "restart": "string",
          "rm": "bool",
          "security_opts": [
            "set",
            "string"
          ],
          "shm_size": "number",
          "start": "bool",
          "stdin_open": "bool",
          "sysctls": [
            "map",
            "string"
          ],
          "tmpfs": [
            "map",
            "string"
          ],
          "tty": "bool",
          "ulimit": [
            "set",
            [
              "object",
              {
                "hard": "number",
                "name": "string",
                "soft": "number"
              }
            ]
          ],
          "upload": [
            "set",
            [
              "object",
              {
                "content": "string",
                "content_base64": "string",
                "executable": "bool",
                "file": "string",
                "source": "string",
                "source_hash": "string"
              }
            ]
          ],
          "user": "string",
          "userns_mode": "string",
          "volumes": [
            "set",
            [
              "object",
              {
                "container_path": "string",
                "from_container": "string",
                "host_path": "string",
                "read_only": "bool",
                "volume_name": "string"
              }
            ]
          ],
          "working_dir": "string"
        }
      ]
    },
    "IP_address_nodered-container": {
      "value": "172.17.0.4:32770",
      "type": "string"
    },
    "IP_address_nodered-container2": {
      "value": "172.17.0.3:32769",
      "type": "string"
    }
  },
  "resources": [
    {
      "mode": "managed",
      "type": "docker_container",
      "name": "nodered_container",
      "provider": "provider[\"registry.terraform.io/kreuzwerker/docker\"]",
      "instances": [
        {
          "index_key": 0,
          "schema_version": 2,
          "attributes": {
            "attach": false,
            "bridge": "",
            "capabilities": [],
            "command": [],
            "container_logs": null,
            "cpu_set": "",
            "cpu_shares": 0,
            "destroy_grace_seconds": null,
            "devices": [],
            "dns": [],
            "dns_opts": [],
            "dns_search": [],
            "domainname": "",
            "entrypoint": [
              "npm",
              "--no-update-notifier",
              "--no-fund",
              "start",
              "--cache",
              "/data/.npm",
              "--",
              "--userDir",
              "/data"
            ],
            "env": [],
            "exit_code": null,
            "gateway": "172.17.0.1",
            "group_add": [],
            "healthcheck": [
              {
                "interval": "0s",
                "retries": 0,
                "start_period": "0s",
                "test": [
                  "CMD-SHELL",
                  "node /healthcheck.js"
                ],
                "timeout": "0s"
              }
            ],
            "host": [],
            "hostname": "23f0fac2f2b0",
            "id": "23f0fac2f2b0aff5fcf90750d7a0c10240ee25556a3ff680fc6d96e1276c5324",
            "image": "sha256:04fa5935c931bca42e200c9c72142272d829cfe7b8c90c05746c61e7d99a5679",
            "init": false,
            "ip_address": "172.17.0.4",
            "ip_prefix_length": 16,
            "ipc_mode": "private",
            "labels": [],
            "links": [],
            "log_driver": "json-file",
            "log_opts": {},
            "logs": false,
            "max_retry_count": 0,
            "memory": 0,
            "memory_swap": 0,
            "mounts": [],
            "must_run": true,
            "name": "nodered-go3c",
            "network_alias": null,
            "network_data": [
              {
                "gateway": "172.17.0.1",
                "global_ipv6_address": "",
                "global_ipv6_prefix_length": 0,
                "ip_address": "172.17.0.4",
                "ip_prefix_length": 16,
                "ipv6_gateway": "",
                "network_name": "bridge"
              }
            ],
            "network_mode": "default",
            "networks": null,
            "networks_advanced": [],
            "pid_mode": "",
            "ports": [
              {
                "external": 32770,
                "internal": 1880,
                "ip": "0.0.0.0",
                "protocol": "tcp"
              }
            ],
            "privileged": false,
            "publish_all_ports": false,
            "read_only": false,
            "remove_volumes": true,
            "restart": "no",
            "rm": false,
            "security_opts": [],
            "shm_size": 64,
            "start": true,
            "stdin_open": false,
            "sysctls": {},
            "tmpfs": {},
            "tty": false,
            "ulimit": [],
            "upload": [],
            "user": "node-red",
            "userns_mode": "",
            "volumes": [],
            "working_dir": "/usr/src/node-red"
          },
          "sensitive_attributes": [],
          "private": "eyJzY2hlbWFfdmVyc2lvbiI6IjIifQ==",
          "dependencies": [
            "docker_image.nodered_image",
            "random_string.random"
          ]
        },
        {
          "index_key": 1,
          "schema_version": 2,
          "attributes": {
            "attach": false,
            "bridge": "",
            "capabilities": [],
            "command": [],
            "container_logs": null,
            "cpu_set": "",
            "cpu_shares": 0,
            "destroy_grace_seconds": null,
            "devices": [],
            "dns": [],
            "dns_opts": [],
            "dns_search": [],
            "domainname": "",
            "entrypoint": [
              "npm",
              "--no-update-notifier",
              "--no-fund",
              "start",
              "--cache",
              "/data/.npm",
              "--",
              "--userDir",
              "/data"
            ],
            "env": [],
            "exit_code": null,
            "gateway": "172.17.0.1",
            "group_add": [],
            "healthcheck": [
              {
                "interval": "0s",
                "retries": 0,
                "start_period": "0s",
                "test": [
                  "CMD-SHELL",
                  "node /healthcheck.js"
                ],
                "timeout": "0s"
              }
            ],
            "host": [],
            "hostname": "7e7737b17615",
            "id": "7e7737b176155cabdefe0d4d5af934d0f71ef4ef317b81845346bb710206111c",
            "image": "sha256:04fa5935c931bca42e200c9c72142272d829cfe7b8c90c05746c61e7d99a5679",
            "init": false,
            "ip_address": "172.17.0.3",
            "ip_prefix_length": 16,
            "ipc_mode": "private",
            "labels": [],
            "links": [],
            "log_driver": "json-file",
            "log_opts": {},
            "logs": false,
            "max_retry_count": 0,
            "memory": 0,
            "memory_swap": 0,
            "mounts": [],
            "must_run": true,
            "name": "nodered-n29d",
            "network_alias": null,
            "network_data": [
              {
                "gateway": "172.17.0.1",
                "global_ipv6_address": "",
                "global_ipv6_prefix_length": 0,
                "ip_address": "172.17.0.3",
                "ip_prefix_length": 16,
                "ipv6_gateway": "",
                "network_name": "bridge"
              }
            ],
            "network_mode": "default",
            "networks": null,
            "networks_advanced": [],
            "pid_mode": "",
            "ports": [
              {
                "external": 32769,
                "internal": 1880,
                "ip": "0.0.0.0",
                "protocol": "tcp"
              }
            ],
            "privileged": false,
            "publish_all_ports": false,
            "read_only": false,
            "remove_volumes": true,
            "restart": "no",
            "rm": false,
            "security_opts": [],
            "shm_size": 64,
            "start": true,
            "stdin_open": false,
            "sysctls": {},
            "tmpfs": {},
            "tty": false,
            "ulimit": [],
            "upload": [],
            "user": "node-red",
            "userns_mode": "",
            "volumes": [],
            "working_dir": "/usr/src/node-red"
          },
          "sensitive_attributes": [],
          "private": "eyJzY2hlbWFfdmVyc2lvbiI6IjIifQ==",
          "dependencies": [
            "docker_image.nodered_image",
            "random_string.random"
          ]
        }
      ]
    },
    {
      "mode": "managed",
      "type": "docker_image",
      "name": "nodered_image",
      "provider": "provider[\"registry.terraform.io/kreuzwerker/docker\"]",
      "instances": [
        {
          "schema_version": 0,
          "attributes": {
            "build": [],
            "force_remove": null,
            "id": "sha256:04fa5935c931bca42e200c9c72142272d829cfe7b8c90c05746c61e7d99a5679nodered/node-red:latest",
            "keep_locally": null,
            "latest": "sha256:04fa5935c931bca42e200c9c72142272d829cfe7b8c90c05746c61e7d99a5679",
            "name": "nodered/node-red:latest",
            "output": null,
            "pull_trigger": null,
            "pull_triggers": null,
            "repo_digest": "nodered/node-red@sha256:4607088c00fc8272b39641d21568659029b5ab5f401cfffb596048cd0187f6b9"
          },
          "sensitive_attributes": [],
          "private": "bnVsbA=="
        }
      ]
    },
    {
      "mode": "managed",
      "type": "random_string",
      "name": "random",
      "provider": "provider[\"registry.terraform.io/hashicorp/random\"]",
      "instances": [
        {
          "index_key": 0,
          "schema_version": 1,
          "attributes": {
            "id": "go3c",
            "keepers": null,
            "length": 4,
            "lower": true,
            "min_lower": 0,
            "min_numeric": 0,
            "min_special": 0,
            "min_upper": 0,
            "number": true,
            "override_special": null,
            "result": "go3c",
            "special": false,
            "upper": false
          },
          "sensitive_attributes": [],
          "private": "eyJzY2hlbWFfdmVyc2lvbiI6IjEifQ=="
        },
        {
          "index_key": 1,
          "schema_version": 1,
          "attributes": {
            "id": "n29d",
            "keepers": null,
            "length": 4,
            "lower": true,
            "min_lower": 0,
            "min_numeric": 0,
            "min_special": 0,
            "min_upper": 0,
            "number": true,
            "override_special": null,
            "result": "n29d",
            "special": false,
            "upper": false
          },
          "sensitive_attributes": [],
          "private": "eyJzY2hlbWFfdmVyc2lvbiI6IjEifQ=="
        }
      ]
    }
  ]
}
