{
  "version": 4,
  "terraform_version": "1.0.3",
  "serial": 160,
  "lineage": "0480c2e3-bebe-810f-db5d-f9fd41c2efab",
  "outputs": {
    "Container_names": {
      "value": [
        "nodered-jnv1"
      ],
      "type": [
        "tuple",
        [
          "string"
        ]
      ]
    },
    "IP_address_of_the_containers": {
      "value": [
        "172.17.0.3:1880"
      ],
      "type": [
        "tuple",
        [
          "string"
        ]
      ],
      "sensitive": true
    }
  },
  "resources": [
    {
      "mode": "managed",
      "type": "docker_container",
      "name": "nodered_container",
      "provider": "provider[\"registry.terraform.io/kreuzwerker/docker\"]",
      "instances": [
        {
          "index_key": 0,
          "schema_version": 2,
          "attributes": {
            "attach": false,
            "bridge": "",
            "capabilities": [],
            "command": [],
            "container_logs": null,
            "cpu_set": "",
            "cpu_shares": 0,
            "destroy_grace_seconds": null,
            "devices": [],
            "dns": null,
            "dns_opts": null,
            "dns_search": null,
            "domainname": "",
            "entrypoint": [
              "npm",
              "--no-update-notifier",
              "--no-fund",
              "start",
              "--cache",
              "/data/.npm",
              "--",
              "--userDir",
              "/data"
            ],
            "env": [],
            "exit_code": null,
            "gateway": "172.17.0.1",
            "group_add": null,
            "healthcheck": [
              {
                "interval": "0s",
                "retries": 0,
                "start_period": "0s",
                "test": [
                  "CMD-SHELL",
                  "node /healthcheck.js"
                ],
                "timeout": "0s"
              }
            ],
            "host": [],
            "hostname": "8eb42e889415",
            "id": "8eb42e889415aa8176677dc7889a9634e507be4b4444af8e047442471a3bcd29",
            "image": "sha256:db209923532eb78b1ea206277ca8f50498c526709ac572b28cee7a8f8f5d4465",
            "init": false,
            "ip_address": "172.17.0.3",
            "ip_prefix_length": 16,
            "ipc_mode": "private",
            "labels": [],
            "links": null,
            "log_driver": "json-file",
            "log_opts": null,
            "logs": false,
            "max_retry_count": 0,
            "memory": 0,
            "memory_swap": 0,
            "mounts": [],
            "must_run": true,
            "name": "nodered-jnv1",
            "network_alias": null,
            "network_data": [
              {
                "gateway": "172.17.0.1",
                "global_ipv6_address": "",
                "global_ipv6_prefix_length": 0,
                "ip_address": "172.17.0.3",
                "ip_prefix_length": 16,
                "ipv6_gateway": "",
                "network_name": "bridge"
              }
            ],
            "network_mode": "default",
            "networks": null,
            "networks_advanced": [],
            "pid_mode": "",
            "ports": [
              {
                "external": 1880,
                "internal": 1880,
                "ip": "0.0.0.0",
                "protocol": "tcp"
              }
            ],
            "privileged": false,
            "publish_all_ports": false,
            "read_only": false,
            "remove_volumes": true,
            "restart": "no",
            "rm": false,
            "security_opts": [],
            "shm_size": 64,
            "start": true,
            "stdin_open": false,
            "sysctls": null,
            "tmpfs": null,
            "tty": false,
            "ulimit": [],
            "upload": [],
            "user": "node-red",
            "userns_mode": "",
            "volumes": [
              {
                "container_path": "/data",
                "from_container": "",
                "host_path": "/home/salim/terraform/docker/nodered_vol",
                "read_only": null,
                "volume_name": ""
              }
            ],
            "working_dir": "/usr/src/node-red"
          },
          "sensitive_attributes": [
            [
              {
                "type": "get_attr",
                "value": "ports"
              },
              {
                "type": "index",
                "value": {
                  "value": 0,
                  "type": "number"
                }
              },
              {
                "type": "get_attr",
                "value": "external"
              }
            ]
          ],
          "private": "eyJzY2hlbWFfdmVyc2lvbiI6IjIifQ==",
          "dependencies": [
            "docker_image.nodered_image",
            "random_string.random"
          ]
        }
      ]
    },
    {
      "mode": "managed",
      "type": "docker_image",
      "name": "nodered_image",
      "provider": "provider[\"registry.terraform.io/kreuzwerker/docker\"]",
      "instances": [
        {
          "schema_version": 0,
          "attributes": {
            "build": [],
            "force_remove": null,
            "id": "sha256:db209923532eb78b1ea206277ca8f50498c526709ac572b28cee7a8f8f5d4465nodered/node-red:latest",
            "keep_locally": null,
            "latest": "sha256:db209923532eb78b1ea206277ca8f50498c526709ac572b28cee7a8f8f5d4465",
            "name": "nodered/node-red:latest",
            "output": null,
            "pull_trigger": null,
            "pull_triggers": null,
            "repo_digest": "nodered/node-red@sha256:8c861522fddf1f71fb56fe0a881981cc79c40957a0816c11c6950ee67eb2c1d0"
          },
          "sensitive_attributes": [],
          "private": "bnVsbA=="
        }
      ]
    },
    {
      "mode": "managed",
      "type": "null_resource",
      "name": "dockervol",
      "provider": "provider[\"registry.terraform.io/hashicorp/null\"]",
      "instances": [
        {
          "schema_version": 0,
          "attributes": {
            "id": "6375738574763463728",
            "triggers": null
          },
          "sensitive_attributes": [],
          "private": "bnVsbA=="
        }
      ]
    },
    {
      "mode": "managed",
      "type": "random_string",
      "name": "random",
      "provider": "provider[\"registry.terraform.io/hashicorp/random\"]",
      "instances": [
        {
          "index_key": 0,
          "schema_version": 1,
          "attributes": {
            "id": "jnv1",
            "keepers": null,
            "length": 4,
            "lower": true,
            "min_lower": 0,
            "min_numeric": 0,
            "min_special": 0,
            "min_upper": 0,
            "number": true,
            "override_special": null,
            "result": "jnv1",
            "special": false,
            "upper": false
          },
          "sensitive_attributes": [],
          "private": "eyJzY2hlbWFfdmVyc2lvbiI6IjEifQ=="
        }
      ]
    }
  ]
}
